#MicroXplorer Configuration settings - do not modify
Mcu.Family=STM32H7
RCC.DIVQ2Freq_Value=76000000
ProjectManager.MainLocation=Core/Src
PH0-OSC_IN.Locked=true
PB13.GPIOParameters=GPIO_Label
PH0-OSC_IN.Signal=RCC_OSC_IN
RCC.SAI1Freq_Value=137500000
RCC.CortexFreq_Value=550000000
STMicroelectronics.X-CUBE-AZRTOS-H7.1.0.0.AZUREIiRTOSIiApplicationsCcDeviceJjHWIiProfile=STM32H723ZGIiNUCLEO
ProjectManager.KeepUserCode=true
Mcu.UserName=STM32H723ZGTx
PD9.GPIOParameters=GPIO_Label
RCC.HPRE=RCC_HCLK_DIV2
STMicroelectronics.X-CUBE-AZRTOS-H7.1.0.0.AZUREIiRTOSIiApplicationsCcDeviceJjApplication=azureIirtosIiapp
PB14.GPIO_Label=LED_RED
PC5.Locked=true
RCC.PLLFRACN=0
PA12.GPIOParameters=GPIO_Label
ProjectManager.functionlistsort=1-MX_GPIO_Init-GPIO-false-HAL-true,2-SystemClock_Config-RCC-false-HAL-false,3-MX_ETH_Init-ETH-false-HAL-true,4-MX_USART3_UART_Init-USART3-false-HAL-true,5-MX_USB_OTG_HS_USB_Init-USB_OTG_HS-false-HAL-true,6-MX_AZURE_RTOS_Init-STMicroelectronics.X-CUBE-AZRTOS-H7.1.0.0-false-HAL-false,7-MX_AZURE_RTOS_Process-STMicroelectronics.X-CUBE-AZRTOS-H7.1.0.0-false-HAL-false,0-MX_CORTEX_M7_Init-CORTEX_M7-false-HAL-true
PA9.GPIOParameters=GPIO_Label
PA13(JTMS/SWDIO).Signal=DEBUG_JTMS-SWDIO
PD8.Locked=true
PA11.GPIOParameters=GPIO_Label
PA11.Mode=OTG/Dual-Role-Device-FS
RCC.RTCFreq_Value=32000
PH0-OSC_IN.GPIOParameters=GPIO_Label
PA14(JTCK/SWCLK).Locked=true
PB0.GPIO_Label=LED_GREEN
STMicroelectronics.X-CUBE-AZRTOS-H7.1.0.0_SwParameter=AZUREIiRTOSIiApplicationsCcDeviceJjHWIiProfile\:STM32H723ZGIiNUCLEO;ThreadXCcRTOSJjThreadXJjCore\:true;AZUREIiRTOSIiApplicationsCcDeviceJjApplication\:azureIirtosIiapp;
RCC.CpuClockFreq_Value=550000000
RCC.VCO2OutputFreq_Value=152000000
PC5.Mode=RMII
PC13.GPIO_Label=B1 (Blue_User_Button)
PC1.Locked=true
PB13.GPIO_Label=RMII_TXD1
PB13.Signal=ETH_TXD1
PG13.Signal=ETH_TXD0
PA2.GPIOParameters=GPIO_Label
PD9.Mode=Asynchronous
PinOutPanel.RotationAngle=0
STMicroelectronics.X-CUBE-AZRTOS-H7.1.0.0.DeviceJjAZUREIiRTOSIiApplications_Checked=true
PG11.Signal=ETH_TX_EN
RCC.MCO1PinFreq_Value=64000000
RCC.SYSCLKSource=RCC_SYSCLKSOURCE_PLLCLK
ProjectManager.StackSize=0x400
RCC.AHB4Freq_Value=275000000
RCC.VCOInput3Freq_Value=250000
PA13(JTMS/SWDIO).Mode=Trace_Asynchronous_SW
STMicroelectronics.X-CUBE-AZRTOS-H7.1.0.0_IsAnAzureRtosMw=true
USART3.VirtualMode-Asynchronous=VM_ASYNC
RCC.LPTIM1Freq_Value=137500000
Mcu.IP4=RCC
SH.GPXTI7.ConfNb=1
Mcu.IP5=SYS
Mcu.IP2=ETH
NVIC.SVCall_IRQn=true\:0\:0\:false\:false\:false\:false\:false\:false
Mcu.IP3=NVIC
Mcu.IP0=CORTEX_M7
Mcu.IP1=DEBUG
PA12.Signal=USB_OTG_HS_DP
Mcu.UserConstants=
PC1.GPIOParameters=GPIO_Label
RCC.DIVP3Freq_Value=16125000
RCC.SDMMCFreq_Value=137500000
Mcu.ThirdPartyNb=1
PA14(JTCK/SWCLK).GPIOParameters=GPIO_Label
RCC.HCLKFreq_Value=275000000
RCC.I2C4Freq_Value=137500000
Mcu.IPNb=8
ProjectManager.PreviousToolchain=
RCC.SPDIFRXFreq_Value=137500000
PA13(JTMS/SWDIO).Locked=true
PD8.GPIOParameters=GPIO_Label
RCC.DIVQ3Freq_Value=16125000
Mcu.Pin6=PA1
Mcu.Pin7=PA2
PD8.Signal=USART3_TX
Mcu.Pin8=PA7
Mcu.Pin9=PC4
PA13(JTMS/SWDIO).GPIOParameters=GPIO_Label
PE1.Signal=GPIO_Output
PB3(JTDO/TRACESWO).GPIO_Label=SWO
PH0-OSC_IN.Mode=HSE-External-Clock-Source
PB13.Locked=true
PH0-OSC_IN.GPIO_Label=MCO
Mcu.Pin0=PC13
Mcu.Pin1=PC14-OSC32_IN
GPIO.groupedBy=
Mcu.Pin2=PC15-OSC32_OUT
Mcu.Pin3=PH0-OSC_IN
Mcu.Pin4=PH1-OSC_OUT
PD10.GPIOParameters=GPIO_Label
STMicroelectronics.X-CUBE-AZRTOS-H7.1.0.0.ThreadXCcRTOSJjThreadXJjCore=true
Mcu.Pin5=PC1
ProjectManager.ProjectBuild=false
RCC.DIVR3Freq_Value=16125000
RCC.HSE_VALUE=8000000
PG13.Locked=true
VP_SYS_VS_tim23.Mode=TIM23
NVIC.UsageFault_IRQn=true\:0\:0\:false\:false\:true\:false\:false\:false
NVIC.TIM23_IRQn=true\:0\:0\:false\:false\:true\:false\:false\:true
NVIC.DebugMonitor_IRQn=true\:0\:0\:false\:false\:true\:false\:false\:false
RCC.DIVM2=1
NVIC.SysTick_IRQn=true\:0\:0\:false\:false\:false\:false\:false\:true
RCC.DIVM1=4
SH.GPXTI7.0=GPIO_EXTI7
ProjectManager.FirmwarePackage=STM32Cube FW_H7 V1.9.0
MxDb.Version=DB.6.0.21
PB0.GPIOParameters=GPIO_Label
Mcu.ThirdParty0=STMicroelectronics.X-CUBE-AZRTOS-H7.1.0.0
RCC.DIVP1Freq_Value=550000000
PA1.GPIOParameters=GPIO_Label
ProjectManager.BackupPrevious=false
RCC.FMCFreq_Value=275000000
PC14-OSC32_IN.Mode=LSE-External-Oscillator
PA14(JTCK/SWCLK).GPIO_Label=SWCLK
PC4.GPIO_Label=RMII_RXD0
PB3(JTDO/TRACESWO).Signal=DEBUG_JTDO-SWO
RCC.USART16Freq_Value=137500000
File.Version=6
PA10.GPIO_Label=USB_FS_ID
PH1-OSC_OUT.Locked=true
PG13.Mode=RMII
PE1.Locked=true
NVIC.PendSV_IRQn=true\:0\:0\:false\:false\:false\:false\:false\:false
RCC.DIVR2Freq_Value=76000000
ProjectManager.HalAssertFull=false
PB0.Locked=true
RCC.DIVP2Freq_Value=76000000
ProjectManager.ProjectName=ThreadX_02
RCC.APB3Freq_Value=137500000
RCC.MCO2PinFreq_Value=550000000
Mcu.Package=LQFP144
PA7.Locked=true
NVIC.TimeBase=TIM23_IRQn
RCC.D1PPRE=RCC_APB3_DIV2
PG11.Locked=true
PG13.GPIOParameters=GPIO_Label
PB3(JTDO/TRACESWO).Mode=Trace_Asynchronous_SW
ProjectManager.ToolChainLocation=
PA2.GPIO_Label=RMII_MDIO
NVIC.TimeBaseIP=TIM23
USART3.IPParameters=VirtualMode-Asynchronous
PA10.Signal=USB_OTG_HS_ID
RCC.DFSDMFreq_Value=137500000
RCC.DIVR1Freq_Value=275000000
PB14.GPIOParameters=GPIO_Label
VP_SYS_VS_tim23.Signal=SYS_VS_tim23
RCC.TraceFreq_Value=275000000
RCC.APB4Freq_Value=137500000
RCC.CECFreq_Value=32000
STMicroelectronics.X-CUBE-AZRTOS-H7.1.0.0.RTOSJjThreadX_Checked=true
NVIC.BusFault_IRQn=true\:0\:0\:false\:false\:true\:false\:false\:false
PC4.Locked=true
RCC.LPUART1Freq_Value=137500000
PA13(JTMS/SWDIO).GPIO_Label=SWDIO
PG11.GPIO_Label=RMII_TX_EN
PC5.Signal=ETH_RXD1
PB13.Mode=RMII
ProjectManager.CustomerFirmwarePackage=
PC4.GPIOParameters=GPIO_Label
PC14-OSC32_IN.Locked=true
RCC.Tim2OutputFreq_Value=275000000
PC4.Mode=RMII
RCC.DFSDMACLkFreq_Value=137500000
RCC.VCO3OutputFreq_Value=32250000
PA2.Locked=true
RCC.PLLSourceVirtual=RCC_PLLSOURCE_HSE
PC15-OSC32_OUT.Mode=LSE-External-Oscillator
ProjectManager.ProjectFileName=ThreadX_02.ioc
VP_STMicroelectronics.X-CUBE-AZRTOS-H7_VS_DeviceJjAZUREIiRTOSIiApplications_1.0.0_1.0.0.Signal=STMicroelectronics.X-CUBE-AZRTOS-H7_VS_DeviceJjAZUREIiRTOSIiApplications_1.0.0_1.0.0
RCC.DIVQ1=4
PG7.Locked=true
PA7.Mode=RMII
PG7.Signal=GPXTI7
PD9.GPIO_Label=STLK_VCP_TX
PA10.Mode=OTG/Dual-Role-Device-FS
Mcu.PinsNb=31
ProjectManager.NoMain=false
PC13.Locked=true
NVIC.SavedSvcallIrqHandlerGenerated=true
PC13.Signal=GPIO_Input
PA9.GPIO_Label=USB_FS_VBUS
RCC.SWPMI1Freq_Value=137500000
RCC.SAI4BFreq_Value=137500000
PC4.Signal=ETH_RXD0
RCC.D2PPRE2=RCC_APB2_DIV2
PA11.GPIO_Label=USB_FS_DM
RCC.D2PPRE1=RCC_APB1_DIV2
ProjectManager.DefaultFWLocation=true
PD9.Signal=USART3_RX
RCC.DIVP1=1
ProjectManager.DeletePrevious=true
PB14.Locked=true
PC14-OSC32_IN.Signal=RCC_OSC32_IN
RCC.QSPIFreq_Value=275000000
boardIOC=true
PG13.GPIO_Label=RMII_TXD0
PA12.GPIO_Label=USB_FS_DP
RCC.FamilyName=M
PD8.GPIO_Label=STLK_VCP_RX
ETH.IPParameters=MediaInterface
RCC.SPI6Freq_Value=137500000
PD10.Signal=GPIO_Output
RCC.D1CPREFreq_Value=550000000
RCC.USART234578Freq_Value=137500000
PA9.Mode=Activate_VBUS_FS
RCC.SPI45Freq_Value=137500000
RCC.Tim1OutputFreq_Value=275000000
PC15-OSC32_OUT.Locked=true
RCC.SPI123Freq_Value=137500000
ProjectManager.TargetToolchain=STM32CubeIDE
RCC.VCO1OutputFreq_Value=550000000
PC5.GPIOParameters=GPIO_Label
PA9.Signal=USB_OTG_HS_VBUS
RCC.AXIClockFreq_Value=275000000
RCC.DIVN2=19
RCC.DIVN1=275
ProjectManager.RegisterCallBack=
RCC.USBFreq_Value=48000000
PD10.GPIO_Label=USB_FS_PWR_EN
PD8.Mode=Asynchronous
PC15-OSC32_OUT.Signal=RCC_OSC32_OUT
PA1.Signal=ETH_REF_CLK
RCC.CKPERFreq_Value=64000000
PB14.Signal=GPIO_Output
RCC.USBCLockSelection=RCC_USBCLKSOURCE_HSI48
board=NUCLEO-H723ZG
PE1.GPIO_Label=LED_YELLOW
ProjectManager.LastFirmware=true
RCC.VCOInput1Freq_Value=2000000
PB3(JTDO/TRACESWO).GPIOParameters=GPIO_Label
NVIC.SavedSystickIrqHandlerGenerated=true
RCC.AHB12Freq_Value=275000000
RCC.APB2Freq_Value=137500000
PA1.Mode=RMII
MxCube.Version=6.2.1
PC13.GPIOParameters=GPIO_Label
RCC.FDCANFreq_Value=137500000
PG7.GPIO_Label=USB_FS_OVCR
RCC.RNGFreq_Value=48000000
Mcu.Pin30=VP_STMicroelectronics.X-CUBE-AZRTOS-H7_VS_RTOSJjThreadX_6.1.3_1.0.0
RCC.ADCFreq_Value=76000000
PA1.GPIO_Label=RMII_REF_CLK
PC1.GPIO_Label=RMII_MDC
PA10.GPIOParameters=GPIO_Label
PB3(JTDO/TRACESWO).Locked=true
PH1-OSC_OUT.Signal=RCC_OSC_OUT
PA9.Locked=true
NVIC.NonMaskableInt_IRQn=true\:0\:0\:false\:false\:true\:false\:false\:false
PA14(JTCK/SWCLK).Mode=Trace_Asynchronous_SW
ProjectManager.FreePins=false
RCC.IPParameters=ADCFreq_Value,AHB12Freq_Value,AHB4Freq_Value,APB1Freq_Value,APB2Freq_Value,APB3Freq_Value,APB4Freq_Value,AXIClockFreq_Value,CECFreq_Value,CKPERFreq_Value,CortexFreq_Value,CpuClockFreq_Value,D1CPREFreq_Value,D1PPRE,D2PPRE1,D2PPRE2,D3PPRE,DFSDMACLkFreq_Value,DFSDMFreq_Value,DIVM1,DIVM2,DIVN1,DIVN2,DIVP1,DIVP1Freq_Value,DIVP2Freq_Value,DIVP3Freq_Value,DIVQ1,DIVQ1Freq_Value,DIVQ2Freq_Value,DIVQ3Freq_Value,DIVR1Freq_Value,DIVR2Freq_Value,DIVR3Freq_Value,FDCANFreq_Value,FMCFreq_Value,FamilyName,HCLK3ClockFreq_Value,HCLKFreq_Value,HPRE,HSE_VALUE,I2C123Freq_Value,I2C4Freq_Value,LPTIM1Freq_Value,LPTIM2Freq_Value,LPTIM345Freq_Value,LPUART1Freq_Value,LTDCFreq_Value,MCO1PinFreq_Value,MCO2PinFreq_Value,PLLFRACN,PLLSourceVirtual,QSPIFreq_Value,RNGFreq_Value,RTCFreq_Value,SAI1Freq_Value,SAI4AFreq_Value,SAI4BFreq_Value,SDMMCFreq_Value,SPDIFRXFreq_Value,SPI123Freq_Value,SPI45Freq_Value,SPI6Freq_Value,SWPMI1Freq_Value,SYSCLKFreq_VALUE,SYSCLKSource,Tim1OutputFreq_Value,Tim2OutputFreq_Value,TraceFreq_Value,USART16Freq_Value,USART234578Freq_Value,USBCLockSelection,USBFreq_Value,VCO1OutputFreq_Value,VCO2OutputFreq_Value,VCO3OutputFreq_Value,VCOInput1Freq_Value,VCOInput2Freq_Value,VCOInput3Freq_Value
ProjectManager.AskForMigrate=true
Mcu.Name=STM32H723ZGTx
RCC.LPTIM2Freq_Value=137500000
STMicroelectronics.X-CUBE-AZRTOS-H7.1.0.0.IPParameters=ThreadXCcRTOSJjThreadXJjCore,AZUREIiRTOSIiApplicationsCcDeviceJjHWIiProfile,AZUREIiRTOSIiApplicationsCcDeviceJjApplication
Mcu.Pin26=PB3(JTDO/TRACESWO)
Mcu.Pin27=PE1
NVIC.SavedPendsvIrqHandlerGenerated=true
PA2.Signal=ETH_MDIO
Mcu.Pin24=PG11
ProjectManager.UnderRoot=true
Mcu.Pin25=PG13
Mcu.Pin28=VP_SYS_VS_tim23
Mcu.IP6=USART3
Mcu.Pin29=VP_STMicroelectronics.X-CUBE-AZRTOS-H7_VS_DeviceJjAZUREIiRTOSIiApplications_1.0.0_1.0.0
Mcu.IP7=USB_OTG_HS
ProjectManager.CoupleFile=false
RCC.SYSCLKFreq_VALUE=550000000
Mcu.Pin22=PA13(JTMS/SWDIO)
ETH.MediaInterface=HAL_ETH_RMII_MODE
RCC.I2C123Freq_Value=137500000
Mcu.Pin23=PA14(JTCK/SWCLK)
PA1.Locked=true
PA7.GPIO_Label=RMII_CRS_DV
Mcu.Pin20=PA11
VP_STMicroelectronics.X-CUBE-AZRTOS-H7_VS_RTOSJjThreadX_6.1.3_1.0.0.Signal=STMicroelectronics.X-CUBE-AZRTOS-H7_VS_RTOSJjThreadX_6.1.3_1.0.0
Mcu.Pin21=PA12
PD10.Locked=true
PA12.Mode=OTG/Dual-Role-Device-FS
PA10.Locked=true
VP_STMicroelectronics.X-CUBE-AZRTOS-H7_VS_RTOSJjThreadX_6.1.3_1.0.0.Mode=RTOSJjThreadX
NVIC.ForceEnableDMAVector=true
KeepUserPlacement=false
PC5.GPIO_Label=RMII_RXD1
NVIC.MemoryManagement_IRQn=true\:0\:0\:false\:false\:true\:false\:false\:false
ProjectManager.CompilerOptimize=6
PG11.Mode=RMII
PA11.Signal=USB_OTG_HS_DM
ProjectManager.HeapSize=0x200
Mcu.Pin15=PD9
NVIC.HardFault_IRQn=true\:0\:0\:false\:false\:true\:false\:false\:false
Mcu.Pin16=PD10
Mcu.Pin13=PB14
Mcu.Pin14=PD8
Mcu.Pin19=PA10
RCC.LPTIM345Freq_Value=137500000
ProjectManager.ComputerToolchain=false
Mcu.Pin17=PG7
Mcu.Pin18=PA9
RCC.LTDCFreq_Value=16125000
RCC.SAI4AFreq_Value=137500000
NVIC.PriorityGroup=NVIC_PRIORITYGROUP_4
Mcu.Pin11=PB0
Mcu.Pin12=PB13
Mcu.Pin10=PC5
RCC.DIVQ1Freq_Value=137500000
PA2.Mode=RMII
RCC.D3PPRE=RCC_APB4_DIV2
PA14(JTCK/SWCLK).Signal=DEBUG_JTCK-SWCLK
RCC.HCLK3ClockFreq_Value=275000000
RCC.VCOInput2Freq_Value=8000000
PD9.Locked=true
RCC.APB1Freq_Value=137500000
PB0.Signal=GPIO_Output
PA7.GPIOParameters=GPIO_Label
ProjectManager.DeviceId=STM32H723ZGTx
PC1.Signal=ETH_MDC
PG7.GPIOParameters=GPIO_Label
ProjectManager.LibraryCopy=1
VP_STMicroelectronics.X-CUBE-AZRTOS-H7_VS_DeviceJjAZUREIiRTOSIiApplications_1.0.0_1.0.0.Mode=DeviceJjAZUREIiRTOSIiApplications
PC1.Mode=RMII
PG11.GPIOParameters=GPIO_Label
PE1.GPIOParameters=GPIO_Label
PA7.Signal=ETH_CRS_DV
isbadioc=false
