#MicroXplorer Configuration settings - do not modify
Mcu.Family=STM32H7
RCC.DIVQ2Freq_Value=129000000
ProjectManager.MainLocation=Core/Src
ProjectManager.ProjectFileName=threadx_dynamic_memory_allocation.ioc
RCC.SAI1Freq_Value=129000000
RCC.CortexFreq_Value=64000000
VP_STMicroelectronics.X-CUBE-AZRTOS-H7_VS_DeviceJjAZUREIiRTOSIiApplications_1.0.0_1.0.0.Signal=STMicroelectronics.X-CUBE-AZRTOS-H7_VS_DeviceJjAZUREIiRTOSIiApplications_1.0.0_1.0.0
STMicroelectronics.X-CUBE-AZRTOS-H7.1.0.0.AZUREIiRTOSIiApplicationsCcDeviceJjHWIiProfile=STM32H723ZGIiNUCLEO
ProjectManager.KeepUserCode=true
Mcu.PinsNb=5
Mcu.UserName=STM32H723ZGTx
ProjectManager.NoMain=false
STMicroelectronics.X-CUBE-AZRTOS-H7.1.0.0.AZUREIiRTOSIiApplicationsCcDeviceJjApplication=azureIirtosIiapp
NVIC.SavedSvcallIrqHandlerGenerated=true
RCC.SWPMI1Freq_Value=64000000
RCC.SAI4BFreq_Value=129000000
ProjectManager.functionlistsort=1-MX_GPIO_Init-GPIO-false-HAL-true,2-SystemClock_Config-RCC-false-HAL-false,4-MX_AZURE_RTOS_Init-STMicroelectronics.X-CUBE-AZRTOS-H7.1.0.0-false-HAL-false,5-MX_AZURE_RTOS_Process-STMicroelectronics.X-CUBE-AZRTOS-H7.1.0.0-false-HAL-false,0-MX_CORTEX_M7_Init-CORTEX_M7-false-HAL-true
RCC.RTCFreq_Value=32000
ProjectManager.DefaultFWLocation=true
STMicroelectronics.X-CUBE-AZRTOS-H7.1.0.0_SwParameter=AZUREIiRTOSIiApplicationsCcDeviceJjHWIiProfile\:STM32H723ZGIiNUCLEO;ThreadXCcRTOSJjThreadXJjCore\:true;AZUREIiRTOSIiApplicationsCcDeviceJjApplication\:azureIirtosIiapp;
RCC.CpuClockFreq_Value=64000000
RCC.VCO2OutputFreq_Value=258000000
ProjectManager.DeletePrevious=true
RCC.QSPIFreq_Value=64000000
PinOutPanel.RotationAngle=0
STMicroelectronics.X-CUBE-AZRTOS-H7.1.0.0.DeviceJjAZUREIiRTOSIiApplications_Checked=true
RCC.FamilyName=M
RCC.MCO1PinFreq_Value=64000000
ProjectManager.StackSize=0x400
RCC.AHB4Freq_Value=64000000
RCC.VCOInput3Freq_Value=2000000
RCC.SPI6Freq_Value=64000000
STMicroelectronics.X-CUBE-AZRTOS-H7.1.0.0_IsAnAzureRtosMw=true
RCC.D1CPREFreq_Value=64000000
RCC.LPTIM1Freq_Value=64000000
NVIC.SVCall_IRQn=true\:0\:0\:false\:false\:false\:false\:false\:false
Mcu.IP2=RCC
RCC.USART234578Freq_Value=64000000
Mcu.IP3=SYS
Mcu.IP0=CORTEX_M7
Mcu.IP1=NVIC
STMicroelectronics.X-CUBE-AZRTOS-H7.1.0.0.AZRTOS_APP_MEM_ALLOCATION_METHOD=0
RCC.SPI45Freq_Value=64000000
RCC.Tim1OutputFreq_Value=64000000
RCC.SPI123Freq_Value=129000000
Mcu.UserConstants=
ProjectManager.TargetToolchain=STM32CubeIDE
RCC.DIVP3Freq_Value=129000000
RCC.SDMMCFreq_Value=129000000
RCC.VCO1OutputFreq_Value=258000000
Mcu.ThirdPartyNb=1
RCC.HCLKFreq_Value=64000000
RCC.I2C4Freq_Value=64000000
Mcu.IPNb=4
ProjectManager.PreviousToolchain=STM32CubeIDE
RCC.AXIClockFreq_Value=64000000
RCC.SPDIFRXFreq_Value=129000000
RCC.DIVQ3Freq_Value=129000000
ProjectManager.RegisterCallBack=
RCC.USBFreq_Value=129000000
PE1.Signal=GPIO_Output
RCC.CKPERFreq_Value=64000000
Mcu.Pin0=PB0
Mcu.Pin1=PE1
GPIO.groupedBy=
Mcu.Pin2=VP_SYS_VS_tim23
Mcu.Pin3=VP_STMicroelectronics.X-CUBE-AZRTOS-H7_VS_DeviceJjAZUREIiRTOSIiApplications_1.0.0_1.0.0
Mcu.Pin4=VP_STMicroelectronics.X-CUBE-AZRTOS-H7_VS_RTOSJjThreadX_6.1.3_1.0.0
STMicroelectronics.X-CUBE-AZRTOS-H7.1.0.0.ThreadXCcRTOSJjThreadXJjCore=true
ProjectManager.ProjectBuild=false
RCC.DIVR3Freq_Value=129000000
VP_SYS_VS_tim23.Mode=TIM23
NVIC.UsageFault_IRQn=true\:0\:0\:false\:false\:true\:false\:false\:false
NVIC.TIM23_IRQn=true\:0\:0\:false\:false\:true\:false\:false\:true
NVIC.DebugMonitor_IRQn=true\:0\:0\:false\:false\:true\:false\:false\:false
board=custom
NVIC.SysTick_IRQn=true\:0\:0\:false\:false\:false\:false\:false\:true
ProjectManager.LastFirmware=true
RCC.VCOInput1Freq_Value=2000000
ProjectManager.FirmwarePackage=STM32Cube FW_H7 V1.9.0
MxDb.Version=DB.6.0.21
NVIC.SavedSystickIrqHandlerGenerated=true
RCC.AHB12Freq_Value=64000000
RCC.APB2Freq_Value=64000000
Mcu.ThirdParty0=STMicroelectronics.X-CUBE-AZRTOS-H7.1.0.0
RCC.DIVP1Freq_Value=129000000
ProjectManager.BackupPrevious=false
RCC.FMCFreq_Value=64000000
MxCube.Version=6.2.1
RCC.FDCANFreq_Value=129000000
RCC.RNGFreq_Value=48000000
RCC.ADCFreq_Value=129000000
RCC.USART16Freq_Value=64000000
File.Version=6
NVIC.NonMaskableInt_IRQn=true\:0\:0\:false\:false\:true\:false\:false\:false
PE1.Locked=true
NVIC.PendSV_IRQn=true\:0\:0\:false\:false\:false\:false\:false\:false
ProjectManager.FreePins=false
RCC.DIVR2Freq_Value=129000000
RCC.IPParameters=ADCFreq_Value,AHB12Freq_Value,AHB4Freq_Value,APB1Freq_Value,APB2Freq_Value,APB3Freq_Value,APB4Freq_Value,AXIClockFreq_Value,CECFreq_Value,CKPERFreq_Value,CortexFreq_Value,CpuClockFreq_Value,D1CPREFreq_Value,DFSDMACLkFreq_Value,DFSDMFreq_Value,DIVP1Freq_Value,DIVP2Freq_Value,DIVP3Freq_Value,DIVQ1Freq_Value,DIVQ2Freq_Value,DIVQ3Freq_Value,DIVR1Freq_Value,DIVR2Freq_Value,DIVR3Freq_Value,FDCANFreq_Value,FMCFreq_Value,FamilyName,HCLK3ClockFreq_Value,HCLKFreq_Value,I2C123Freq_Value,I2C4Freq_Value,LPTIM1Freq_Value,LPTIM2Freq_Value,LPTIM345Freq_Value,LPUART1Freq_Value,LTDCFreq_Value,MCO1PinFreq_Value,MCO2PinFreq_Value,QSPIFreq_Value,RNGFreq_Value,RTCFreq_Value,SAI1Freq_Value,SAI4AFreq_Value,SAI4BFreq_Value,SDMMCFreq_Value,SPDIFRXFreq_Value,SPI123Freq_Value,SPI45Freq_Value,SPI6Freq_Value,SWPMI1Freq_Value,SYSCLKFreq_VALUE,Tim1OutputFreq_Value,Tim2OutputFreq_Value,TraceFreq_Value,USART16Freq_Value,USART234578Freq_Value,USBFreq_Value,VCO1OutputFreq_Value,VCO2OutputFreq_Value,VCO3OutputFreq_Value,VCOInput1Freq_Value,VCOInput2Freq_Value,VCOInput3Freq_Value
ProjectManager.AskForMigrate=true
Mcu.Name=STM32H723ZGTx
RCC.LPTIM2Freq_Value=64000000
STMicroelectronics.X-CUBE-AZRTOS-H7.1.0.0.IPParameters=ThreadXCcRTOSJjThreadXJjCore,AZUREIiRTOSIiApplicationsCcDeviceJjHWIiProfile,AZUREIiRTOSIiApplicationsCcDeviceJjApplication,AZRTOS_APP_MEM_ALLOCATION_METHOD
ProjectManager.HalAssertFull=false
PB0.Locked=true
RCC.DIVP2Freq_Value=129000000
NVIC.SavedPendsvIrqHandlerGenerated=true
ProjectManager.ProjectName=threadx_dynamic_memory_allocation
ProjectManager.UnderRoot=true
RCC.APB3Freq_Value=64000000
ProjectManager.CoupleFile=false
RCC.MCO2PinFreq_Value=64000000
RCC.SYSCLKFreq_VALUE=64000000
Mcu.Package=LQFP144
RCC.I2C123Freq_Value=64000000
VP_STMicroelectronics.X-CUBE-AZRTOS-H7_VS_RTOSJjThreadX_6.1.3_1.0.0.Signal=STMicroelectronics.X-CUBE-AZRTOS-H7_VS_RTOSJjThreadX_6.1.3_1.0.0
NVIC.TimeBase=TIM23_IRQn
NVIC.ForceEnableDMAVector=true
VP_STMicroelectronics.X-CUBE-AZRTOS-H7_VS_RTOSJjThreadX_6.1.3_1.0.0.Mode=RTOSJjThreadX
KeepUserPlacement=false
NVIC.MemoryManagement_IRQn=true\:0\:0\:false\:false\:true\:false\:false\:false
ProjectManager.CompilerOptimize=6
ProjectManager.ToolChainLocation=
NVIC.TimeBaseIP=TIM23
ProjectManager.HeapSize=0x200
NVIC.HardFault_IRQn=true\:0\:0\:false\:false\:true\:false\:false\:false
RCC.DFSDMFreq_Value=64000000
RCC.DIVR1Freq_Value=129000000
RCC.LPTIM345Freq_Value=64000000
ProjectManager.ComputerToolchain=false
RCC.LTDCFreq_Value=129000000
RCC.SAI4AFreq_Value=129000000
NVIC.PriorityGroup=NVIC_PRIORITYGROUP_4
VP_SYS_VS_tim23.Signal=SYS_VS_tim23
RCC.TraceFreq_Value=64000000
RCC.APB4Freq_Value=64000000
RCC.CECFreq_Value=32000
STMicroelectronics.X-CUBE-AZRTOS-H7.1.0.0.RTOSJjThreadX_Checked=true
RCC.DIVQ1Freq_Value=129000000
NVIC.BusFault_IRQn=true\:0\:0\:false\:false\:true\:false\:false\:false
RCC.LPUART1Freq_Value=64000000
RCC.HCLK3ClockFreq_Value=64000000
RCC.VCOInput2Freq_Value=2000000
RCC.APB1Freq_Value=64000000
PB0.Signal=GPIO_Output
ProjectManager.CustomerFirmwarePackage=
ProjectManager.DeviceId=STM32H723ZGTx
RCC.Tim2OutputFreq_Value=64000000
ProjectManager.LibraryCopy=1
VP_STMicroelectronics.X-CUBE-AZRTOS-H7_VS_DeviceJjAZUREIiRTOSIiApplications_1.0.0_1.0.0.Mode=DeviceJjAZUREIiRTOSIiApplications
RCC.DFSDMACLkFreq_Value=129000000
RCC.VCO3OutputFreq_Value=258000000
isbadioc=false
